
Microsoft Visual Studio Solution File, Format Version 12.00
# Visual Studio Version 17
VisualStudioVersion = 17.4.33213.308
MinimumVisualStudioVersion = 10.0.40219.1
Project("{FAE04EC0-301F-11D3-BF4B-00C04F79EFBC}") = "DesignPatternsConsole", "DesignPatternsConsole\DesignPatternsConsole.csproj", "{A88FE8D9-EA6F-41CA-8369-74105EAC7B6C}"
EndProject
Project("{9A19103F-16F7-4668-BE54-9A1E7A4F7556}") = "DesignPatternFactory", "DesignPatternFactory\DesignPatternFactory.csproj", "{8617CC21-2B0F-43CC-B1A7-D1872E2DC670}"
EndProject
Project("{9A19103F-16F7-4668-BE54-9A1E7A4F7556}") = "DesignPatternsPrototypes", "DesignPatternsPrototypes\DesignPatternsPrototypes.csproj", "{D50330CF-0616-483E-B7FA-448D8C623512}"
EndProject
Project("{9A19103F-16F7-4668-BE54-9A1E7A4F7556}") = "DesignPatternsSingletone", "DesignPatternsSingletone\DesignPatternsSingletone.csproj", "{C0267AFF-58B9-40A4-B891-2D9F667D4EA7}"
EndProject
Project("{9A19103F-16F7-4668-BE54-9A1E7A4F7556}") = "DesignPatternsSingletoneTests", "DesignPatternsSingletoneTests\DesignPatternsSingletoneTests.csproj", "{0DF50BD4-1486-4216-958E-BB5B2C0C0390}"
EndProject
Project("{FAE04EC0-301F-11D3-BF4B-00C04F79EFBC}") = "DesignPatternMonostate", "DesignPatternMonostate\DesignPatternMonostate.csproj", "{20DAE5BA-E140-410F-BB3A-0C1873B56050}"
EndProject
Project("{FAE04EC0-301F-11D3-BF4B-00C04F79EFBC}") = "DesignPatternsAmbientContext", "DesignPatternsAmbientContext\DesignPatternsAmbientContext.csproj", "{F2D65F9A-13CA-42FE-9636-A954ED2AE0BF}"
EndProject
Global
	GlobalSection(SolutionConfigurationPlatforms) = preSolution
		Debug|Any CPU = Debug|Any CPU
		Release|Any CPU = Release|Any CPU
	EndGlobalSection
	GlobalSection(ProjectConfigurationPlatforms) = postSolution
		{A88FE8D9-EA6F-41CA-8369-74105EAC7B6C}.Debug|Any CPU.ActiveCfg = Debug|Any CPU
		{A88FE8D9-EA6F-41CA-8369-74105EAC7B6C}.Debug|Any CPU.Build.0 = Debug|Any CPU
		{A88FE8D9-EA6F-41CA-8369-74105EAC7B6C}.Release|Any CPU.ActiveCfg = Release|Any CPU
		{A88FE8D9-EA6F-41CA-8369-74105EAC7B6C}.Release|Any CPU.Build.0 = Release|Any CPU
		{8617CC21-2B0F-43CC-B1A7-D1872E2DC670}.Debug|Any CPU.ActiveCfg = Debug|Any CPU
		{8617CC21-2B0F-43CC-B1A7-D1872E2DC670}.Debug|Any CPU.Build.0 = Debug|Any CPU
		{8617CC21-2B0F-43CC-B1A7-D1872E2DC670}.Release|Any CPU.ActiveCfg = Release|Any CPU
		{8617CC21-2B0F-43CC-B1A7-D1872E2DC670}.Release|Any CPU.Build.0 = Release|Any CPU
		{D50330CF-0616-483E-B7FA-448D8C623512}.Debug|Any CPU.ActiveCfg = Debug|Any CPU
		{D50330CF-0616-483E-B7FA-448D8C623512}.Debug|Any CPU.Build.0 = Debug|Any CPU
		{D50330CF-0616-483E-B7FA-448D8C623512}.Release|Any CPU.ActiveCfg = Release|Any CPU
		{D50330CF-0616-483E-B7FA-448D8C623512}.Release|Any CPU.Build.0 = Release|Any CPU
		{C0267AFF-58B9-40A4-B891-2D9F667D4EA7}.Debug|Any CPU.ActiveCfg = Debug|Any CPU
		{C0267AFF-58B9-40A4-B891-2D9F667D4EA7}.Debug|Any CPU.Build.0 = Debug|Any CPU
		{C0267AFF-58B9-40A4-B891-2D9F667D4EA7}.Release|Any CPU.ActiveCfg = Release|Any CPU
		{C0267AFF-58B9-40A4-B891-2D9F667D4EA7}.Release|Any CPU.Build.0 = Release|Any CPU
		{0DF50BD4-1486-4216-958E-BB5B2C0C0390}.Debug|Any CPU.ActiveCfg = Debug|Any CPU
		{0DF50BD4-1486-4216-958E-BB5B2C0C0390}.Debug|Any CPU.Build.0 = Debug|Any CPU
		{0DF50BD4-1486-4216-958E-BB5B2C0C0390}.Release|Any CPU.ActiveCfg = Release|Any CPU
		{0DF50BD4-1486-4216-958E-BB5B2C0C0390}.Release|Any CPU.Build.0 = Release|Any CPU
		{20DAE5BA-E140-410F-BB3A-0C1873B56050}.Debug|Any CPU.ActiveCfg = Debug|Any CPU
		{20DAE5BA-E140-410F-BB3A-0C1873B56050}.Debug|Any CPU.Build.0 = Debug|Any CPU
		{20DAE5BA-E140-410F-BB3A-0C1873B56050}.Release|Any CPU.ActiveCfg = Release|Any CPU
		{20DAE5BA-E140-410F-BB3A-0C1873B56050}.Release|Any CPU.Build.0 = Release|Any CPU
		{F2D65F9A-13CA-42FE-9636-A954ED2AE0BF}.Debug|Any CPU.ActiveCfg = Debug|Any CPU
		{F2D65F9A-13CA-42FE-9636-A954ED2AE0BF}.Debug|Any CPU.Build.0 = Debug|Any CPU
		{F2D65F9A-13CA-42FE-9636-A954ED2AE0BF}.Release|Any CPU.ActiveCfg = Release|Any CPU
		{F2D65F9A-13CA-42FE-9636-A954ED2AE0BF}.Release|Any CPU.Build.0 = Release|Any CPU
	EndGlobalSection
	GlobalSection(SolutionProperties) = preSolution
		HideSolutionNode = FALSE
	EndGlobalSection
	GlobalSection(ExtensibilityGlobals) = postSolution
		SolutionGuid = {82E796FC-AA12-472F-8538-EBA2CAFDD1F8}
	EndGlobalSection
EndGlobal
