
Microsoft Visual Studio Solution File, Format Version 12.00
# Visual Studio Version 17
VisualStudioVersion = 17.4.33213.308
MinimumVisualStudioVersion = 10.0.40219.1
Project("{FAE04EC0-301F-11D3-BF4B-00C04F79EFBC}") = "DesignPatternsConsole", "DesignPatternsConsole\DesignPatternsConsole.csproj", "{A88FE8D9-EA6F-41CA-8369-74105EAC7B6C}"
EndProject
Project("{9A19103F-16F7-4668-BE54-9A1E7A4F7556}") = "DesignPatternFactory", "DesignPatternFactory\DesignPatternFactory.csproj", "{8617CC21-2B0F-43CC-B1A7-D1872E2DC670}"
EndProject
Project("{9A19103F-16F7-4668-BE54-9A1E7A4F7556}") = "DesignPatternsPrototypes", "DesignPatternsPrototypes\DesignPatternsPrototypes.csproj", "{D50330CF-0616-483E-B7FA-448D8C623512}"
EndProject
Project("{9A19103F-16F7-4668-BE54-9A1E7A4F7556}") = "DesignPatternsSingletone", "DesignPatternsSingletone\DesignPatternsSingletone.csproj", "{C0267AFF-58B9-40A4-B891-2D9F667D4EA7}"
EndProject
Project("{9A19103F-16F7-4668-BE54-9A1E7A4F7556}") = "DesignPatternsSingletoneTests", "DesignPatternsSingletoneTests\DesignPatternsSingletoneTests.csproj", "{0DF50BD4-1486-4216-958E-BB5B2C0C0390}"
EndProject
Project("{9A19103F-16F7-4668-BE54-9A1E7A4F7556}") = "DesignPatternMonostate", "DesignPatternMonostate\DesignPatternMonostate.csproj", "{20DAE5BA-E140-410F-BB3A-0C1873B56050}"
EndProject
Project("{9A19103F-16F7-4668-BE54-9A1E7A4F7556}") = "DesignPatternsAmbientContext", "DesignPatternsAmbientContext\DesignPatternsAmbientContext.csproj", "{F2D65F9A-13CA-42FE-9636-A954ED2AE0BF}"
EndProject
Project("{2150E333-8FDC-42A3-9474-1A3956D46DE8}") = "Abstract", "Abstract", "{CB9D421C-C22A-4CDF-B29F-28F96747634F}"
EndProject
Project("{9A19103F-16F7-4668-BE54-9A1E7A4F7556}") = "DesignPatternsAdapterVectorRaster", "DesignPatternsAdapterVectorRaster\DesignPatternsAdapterVectorRaster.csproj", "{90941193-614F-4FF6-8F27-6B43C6F33BD5}"
EndProject
Project("{9A19103F-16F7-4668-BE54-9A1E7A4F7556}") = "DesignPatternsGenericValueAdapter", "DesignPatternsGenericValueAdapter\DesignPatternsGenericValueAdapter.csproj", "{2AF8D6B6-6A80-4A3C-8418-C921D6FF4BAF}"
EndProject
Project("{9A19103F-16F7-4668-BE54-9A1E7A4F7556}") = "DesignPatternsAdapterInDependencyInjection", "DesignPatternsAdapterInDependencyInjection\DesignPatternsAdapterInDependencyInjection.csproj", "{0F650346-EFA1-4445-AF63-F371F8DCF7A2}"
EndProject
Project("{9A19103F-16F7-4668-BE54-9A1E7A4F7556}") = "DesignPatternsAdapterExcercise", "DesignPatternsAdapterExcercise\DesignPatternsAdapterExcercise.csproj", "{5A06334D-C7D1-4EC8-9B3F-E9179E706376}"
EndProject
Project("{2150E333-8FDC-42A3-9474-1A3956D46DE8}") = "Bridge", "Bridge", "{23059321-FCC7-4F89-A4EA-5BC3E02A0C39}"
EndProject
Project("{9A19103F-16F7-4668-BE54-9A1E7A4F7556}") = "DesignPatternsBridge", "DesignPatternsBridge\DesignPatternsBridge.csproj", "{27B59645-B345-4E40-A1C4-D5D12DDF3D1A}"
EndProject
Project("{2150E333-8FDC-42A3-9474-1A3956D46DE8}") = "Composite", "Composite", "{0B620AF0-8576-45F7-8280-3940B72272F0}"
EndProject
Project("{9A19103F-16F7-4668-BE54-9A1E7A4F7556}") = "DesignPatternsComposite", "DesignPatternsComposite\DesignPatternsComposite.csproj", "{02D6E623-D0A7-4C28-AB47-B01E2FEA9992}"
EndProject
Project("{2150E333-8FDC-42A3-9474-1A3956D46DE8}") = "Decorator", "Decorator", "{CFAFFFE8-8D32-4E35-81BB-498C5B9C6251}"
EndProject
Project("{9A19103F-16F7-4668-BE54-9A1E7A4F7556}") = "DesignPatternsDecorator", "DesignPatternsDecorator\DesignPatternsDecorator.csproj", "{7545124C-61AF-4B8E-A01A-8D3A2F7DE74D}"
EndProject
Project("{2150E333-8FDC-42A3-9474-1A3956D46DE8}") = "Facade", "Facade", "{DE89A9EE-FA13-41E1-9EDA-6DA2FAB5A235}"
EndProject
Project("{9A19103F-16F7-4668-BE54-9A1E7A4F7556}") = "DesignPatternFacade", "DesignPatternFacade\DesignPatternFacade.csproj", "{47B7CE0A-859D-499C-8D7B-FA84121CCDE1}"
EndProject
Project("{2150E333-8FDC-42A3-9474-1A3956D46DE8}") = "FlyWeight", "FlyWeight", "{A126B8B6-72F8-4044-83A0-3BEA413A76D2}"
EndProject
Project("{9A19103F-16F7-4668-BE54-9A1E7A4F7556}") = "FlyWeightPatternNUnit", "FlyWeightPatternNUnit\FlyWeightPatternNUnit.csproj", "{EF628605-6AB7-4316-855A-ED2CA1B6BF26}"
EndProject
Project("{9A19103F-16F7-4668-BE54-9A1E7A4F7556}") = "FlyWeightCapitalization", "FlyWeightCapitalization\FlyWeightCapitalization.csproj", "{630A5763-5654-4E33-B019-9E3F50B91677}"
EndProject
Project("{2150E333-8FDC-42A3-9474-1A3956D46DE8}") = "Proxy", "Proxy", "{B7D66382-8777-41EC-8195-6104527C2CF5}"
EndProject
Project("{9A19103F-16F7-4668-BE54-9A1E7A4F7556}") = "ProxyDesignPattern", "ProxyDesignPattern\ProxyDesignPattern.csproj", "{3AC0BD52-BB0F-4C86-810D-D2A70842DB86}"
EndProject
Project("{2150E333-8FDC-42A3-9474-1A3956D46DE8}") = "ChainOfResponsability", "ChainOfResponsability", "{EF5FB8E2-6024-4F5C-9499-A64E95DAA2F9}"
EndProject
Project("{9A19103F-16F7-4668-BE54-9A1E7A4F7556}") = "MethodChain", "MethodChain\MethodChain.csproj", "{7DD07B9D-C1D1-475C-A832-AA572B23E5E3}"
EndProject
Project("{2150E333-8FDC-42A3-9474-1A3956D46DE8}") = "Mediator", "Mediator", "{AD7DB8CD-55E7-4836-B3BE-857F7D29CCE7}"
EndProject
Project("{9A19103F-16F7-4668-BE54-9A1E7A4F7556}") = "Mediator", "Mediator\Mediator.csproj", "{74B428B3-D116-4496-8FDB-0E608EE6AF00}"
EndProject
Project("{9A19103F-16F7-4668-BE54-9A1E7A4F7556}") = "ChainOfResponsabilityTest", "ChainOfResponsabilityTest\ChainOfResponsabilityTest.csproj", "{77CD3E62-7D78-4567-A7D4-FDB88C0E015C}"
EndProject
Project("{2150E333-8FDC-42A3-9474-1A3956D46DE8}") = "Command", "Command", "{A187E3FC-B975-4AA1-8A35-65FF0220617C}"
EndProject
Project("{9A19103F-16F7-4668-BE54-9A1E7A4F7556}") = "Command.Pattern", "Command.Pattern\Command.Pattern.csproj", "{D7FDE3BC-D008-4615-B64D-198C75DAFFFD}"
EndProject
Project("{2150E333-8FDC-42A3-9474-1A3956D46DE8}") = "Interpreter", "Interpreter", "{8A8E67F0-A242-466C-A27F-1E2F376AD2F9}"
EndProject
Project("{9A19103F-16F7-4668-BE54-9A1E7A4F7556}") = "Interpreter.DesignPattern", "Interpreter.DesignPattern\Interpreter.DesignPattern.csproj", "{A931357D-8123-4804-9261-A170C23C83B4}"
EndProject
Project("{9A19103F-16F7-4668-BE54-9A1E7A4F7556}") = "Interpreter.Test.DesignPattern", "Interpreter.Test.DesignPattern\Interpreter.Test.DesignPattern.csproj", "{B251E10C-AC4A-4019-8AF8-227C95447DDF}"
EndProject
Project("{2150E333-8FDC-42A3-9474-1A3956D46DE8}") = "Iterator", "Iterator", "{9EDD28B0-DCDD-4B50-BA28-BD61409CFA82}"
EndProject
Project("{9A19103F-16F7-4668-BE54-9A1E7A4F7556}") = "Iterator.DesignPatern", "Iterator.DesignPatern\Iterator.DesignPatern.csproj", "{A65D15F4-D52A-4BD3-A87D-D77F444DE063}"
EndProject
Project("{9A19103F-16F7-4668-BE54-9A1E7A4F7556}") = "IteratorAndDuckTyping.DesignPattern", "IteratorAndDuckTyping.DesignPattern\IteratorAndDuckTyping.DesignPattern.csproj", "{08BF2045-9FC9-480B-A69B-B3FAE597A1C0}"
EndProject
Project("{9A19103F-16F7-4668-BE54-9A1E7A4F7556}") = "ArrayBackedProperty.DesignPattern", "ArrayBackedProperty.DesignPattern\ArrayBackedProperty.DesignPattern.csproj", "{2A989FE2-212E-410B-A0DE-FF590665F5F3}"
EndProject
Project("{9A19103F-16F7-4668-BE54-9A1E7A4F7556}") = "ChatRoom.Mediator.DesignPattern", "ChatRoom.Mediator.DesignPattern\ChatRoom.Mediator.DesignPattern.csproj", "{C3FEA006-29C4-40BA-B743-A2C9A2984F1E}"
EndProject
Project("{9A19103F-16F7-4668-BE54-9A1E7A4F7556}") = "EventBroker.DesignPattern", "EventBroker.DesignPattern\EventBroker.DesignPattern.csproj", "{C2B4BEE2-B90A-4113-8CF5-BB7ED71512D2}"
EndProject
Project("{9A19103F-16F7-4668-BE54-9A1E7A4F7556}") = "MediatorRExample.DesignPattern", "MediatorRExample.DesignPattern\MediatorRExample.DesignPattern.csproj", "{CCD734B3-0DB3-4F4E-B9D4-404FA98DED51}"
EndProject
Project("{2150E333-8FDC-42A3-9474-1A3956D46DE8}") = "Memento", "Memento", "{C35F8F5E-EEFC-48DE-971E-79A9FAA681AF}"
EndProject
Project("{9A19103F-16F7-4668-BE54-9A1E7A4F7556}") = "Memento.DesignPattern", "Memento.DesignPattern\Memento.DesignPattern.csproj", "{15C1C4C1-F187-4E7E-B443-2960C9AD0844}"
EndProject
Project("{9A19103F-16F7-4668-BE54-9A1E7A4F7556}") = "MementoExcercise.DesignPattern", "MementoExcercise.DesignPattern\MementoExcercise.DesignPattern.csproj", "{CF9D313F-D2C3-48F4-AE6F-9CD6A30B0C7B}"
EndProject
Project("{2150E333-8FDC-42A3-9474-1A3956D46DE8}") = "NullObject", "NullObject", "{448362E0-B651-4CDE-B012-2ADB1EB29C82}"
EndProject
Project("{9A19103F-16F7-4668-BE54-9A1E7A4F7556}") = "NullObjectDesignPattern", "NullObjectDesignPattern\NullObjectDesignPattern.csproj", "{3AFEA0F1-2D07-443A-A64C-0D8545417F70}"
EndProject
Project("{2150E333-8FDC-42A3-9474-1A3956D46DE8}") = "Observer", "Observer", "{8E4B4601-E207-4798-ADC5-0173FA345E87}"
EndProject
Project("{FAE04EC0-301F-11D3-BF4B-00C04F79EFBC}") = "Observer.KeywordEvent", "Observer.KeywordEvent\Observer.KeywordEvent.csproj", "{49EF0355-56AC-4BF4-87D1-E99E4C289461}"
EndProject
Project("{FAE04EC0-301F-11D3-BF4B-00C04F79EFBC}") = "WeakEventPattern", "WeakEventPattern\WeakEventPattern.csproj", "{FA3E014E-3B6F-4EA3-B6D0-2D72B3E99C06}"
EndProject
Project("{FAE04EC0-301F-11D3-BF4B-00C04F79EFBC}") = "ObserverViaSpecialInterface", "ObserverViaSpecialInterface\ObserverViaSpecialInterface.csproj", "{D9F3381C-EA98-4C7E-BD83-F0BDEEE1CE2A}"
EndProject
Global
	GlobalSection(SolutionConfigurationPlatforms) = preSolution
		Debug|Any CPU = Debug|Any CPU
		Release|Any CPU = Release|Any CPU
	EndGlobalSection
	GlobalSection(ProjectConfigurationPlatforms) = postSolution
		{A88FE8D9-EA6F-41CA-8369-74105EAC7B6C}.Debug|Any CPU.ActiveCfg = Debug|Any CPU
		{A88FE8D9-EA6F-41CA-8369-74105EAC7B6C}.Debug|Any CPU.Build.0 = Debug|Any CPU
		{A88FE8D9-EA6F-41CA-8369-74105EAC7B6C}.Release|Any CPU.ActiveCfg = Release|Any CPU
		{A88FE8D9-EA6F-41CA-8369-74105EAC7B6C}.Release|Any CPU.Build.0 = Release|Any CPU
		{8617CC21-2B0F-43CC-B1A7-D1872E2DC670}.Debug|Any CPU.ActiveCfg = Debug|Any CPU
		{8617CC21-2B0F-43CC-B1A7-D1872E2DC670}.Debug|Any CPU.Build.0 = Debug|Any CPU
		{8617CC21-2B0F-43CC-B1A7-D1872E2DC670}.Release|Any CPU.ActiveCfg = Release|Any CPU
		{8617CC21-2B0F-43CC-B1A7-D1872E2DC670}.Release|Any CPU.Build.0 = Release|Any CPU
		{D50330CF-0616-483E-B7FA-448D8C623512}.Debug|Any CPU.ActiveCfg = Debug|Any CPU
		{D50330CF-0616-483E-B7FA-448D8C623512}.Debug|Any CPU.Build.0 = Debug|Any CPU
		{D50330CF-0616-483E-B7FA-448D8C623512}.Release|Any CPU.ActiveCfg = Release|Any CPU
		{D50330CF-0616-483E-B7FA-448D8C623512}.Release|Any CPU.Build.0 = Release|Any CPU
		{C0267AFF-58B9-40A4-B891-2D9F667D4EA7}.Debug|Any CPU.ActiveCfg = Debug|Any CPU
		{C0267AFF-58B9-40A4-B891-2D9F667D4EA7}.Debug|Any CPU.Build.0 = Debug|Any CPU
		{C0267AFF-58B9-40A4-B891-2D9F667D4EA7}.Release|Any CPU.ActiveCfg = Release|Any CPU
		{C0267AFF-58B9-40A4-B891-2D9F667D4EA7}.Release|Any CPU.Build.0 = Release|Any CPU
		{0DF50BD4-1486-4216-958E-BB5B2C0C0390}.Debug|Any CPU.ActiveCfg = Debug|Any CPU
		{0DF50BD4-1486-4216-958E-BB5B2C0C0390}.Debug|Any CPU.Build.0 = Debug|Any CPU
		{0DF50BD4-1486-4216-958E-BB5B2C0C0390}.Release|Any CPU.ActiveCfg = Release|Any CPU
		{0DF50BD4-1486-4216-958E-BB5B2C0C0390}.Release|Any CPU.Build.0 = Release|Any CPU
		{20DAE5BA-E140-410F-BB3A-0C1873B56050}.Debug|Any CPU.ActiveCfg = Debug|Any CPU
		{20DAE5BA-E140-410F-BB3A-0C1873B56050}.Debug|Any CPU.Build.0 = Debug|Any CPU
		{20DAE5BA-E140-410F-BB3A-0C1873B56050}.Release|Any CPU.ActiveCfg = Release|Any CPU
		{20DAE5BA-E140-410F-BB3A-0C1873B56050}.Release|Any CPU.Build.0 = Release|Any CPU
		{F2D65F9A-13CA-42FE-9636-A954ED2AE0BF}.Debug|Any CPU.ActiveCfg = Debug|Any CPU
		{F2D65F9A-13CA-42FE-9636-A954ED2AE0BF}.Debug|Any CPU.Build.0 = Debug|Any CPU
		{F2D65F9A-13CA-42FE-9636-A954ED2AE0BF}.Release|Any CPU.ActiveCfg = Release|Any CPU
		{F2D65F9A-13CA-42FE-9636-A954ED2AE0BF}.Release|Any CPU.Build.0 = Release|Any CPU
		{90941193-614F-4FF6-8F27-6B43C6F33BD5}.Debug|Any CPU.ActiveCfg = Debug|Any CPU
		{90941193-614F-4FF6-8F27-6B43C6F33BD5}.Debug|Any CPU.Build.0 = Debug|Any CPU
		{90941193-614F-4FF6-8F27-6B43C6F33BD5}.Release|Any CPU.ActiveCfg = Release|Any CPU
		{90941193-614F-4FF6-8F27-6B43C6F33BD5}.Release|Any CPU.Build.0 = Release|Any CPU
		{2AF8D6B6-6A80-4A3C-8418-C921D6FF4BAF}.Debug|Any CPU.ActiveCfg = Debug|Any CPU
		{2AF8D6B6-6A80-4A3C-8418-C921D6FF4BAF}.Debug|Any CPU.Build.0 = Debug|Any CPU
		{2AF8D6B6-6A80-4A3C-8418-C921D6FF4BAF}.Release|Any CPU.ActiveCfg = Release|Any CPU
		{2AF8D6B6-6A80-4A3C-8418-C921D6FF4BAF}.Release|Any CPU.Build.0 = Release|Any CPU
		{0F650346-EFA1-4445-AF63-F371F8DCF7A2}.Debug|Any CPU.ActiveCfg = Debug|Any CPU
		{0F650346-EFA1-4445-AF63-F371F8DCF7A2}.Debug|Any CPU.Build.0 = Debug|Any CPU
		{0F650346-EFA1-4445-AF63-F371F8DCF7A2}.Release|Any CPU.ActiveCfg = Release|Any CPU
		{0F650346-EFA1-4445-AF63-F371F8DCF7A2}.Release|Any CPU.Build.0 = Release|Any CPU
		{5A06334D-C7D1-4EC8-9B3F-E9179E706376}.Debug|Any CPU.ActiveCfg = Debug|Any CPU
		{5A06334D-C7D1-4EC8-9B3F-E9179E706376}.Debug|Any CPU.Build.0 = Debug|Any CPU
		{5A06334D-C7D1-4EC8-9B3F-E9179E706376}.Release|Any CPU.ActiveCfg = Release|Any CPU
		{5A06334D-C7D1-4EC8-9B3F-E9179E706376}.Release|Any CPU.Build.0 = Release|Any CPU
		{27B59645-B345-4E40-A1C4-D5D12DDF3D1A}.Debug|Any CPU.ActiveCfg = Debug|Any CPU
		{27B59645-B345-4E40-A1C4-D5D12DDF3D1A}.Debug|Any CPU.Build.0 = Debug|Any CPU
		{27B59645-B345-4E40-A1C4-D5D12DDF3D1A}.Release|Any CPU.ActiveCfg = Release|Any CPU
		{27B59645-B345-4E40-A1C4-D5D12DDF3D1A}.Release|Any CPU.Build.0 = Release|Any CPU
		{02D6E623-D0A7-4C28-AB47-B01E2FEA9992}.Debug|Any CPU.ActiveCfg = Debug|Any CPU
		{02D6E623-D0A7-4C28-AB47-B01E2FEA9992}.Debug|Any CPU.Build.0 = Debug|Any CPU
		{02D6E623-D0A7-4C28-AB47-B01E2FEA9992}.Release|Any CPU.ActiveCfg = Release|Any CPU
		{02D6E623-D0A7-4C28-AB47-B01E2FEA9992}.Release|Any CPU.Build.0 = Release|Any CPU
		{7545124C-61AF-4B8E-A01A-8D3A2F7DE74D}.Debug|Any CPU.ActiveCfg = Debug|Any CPU
		{7545124C-61AF-4B8E-A01A-8D3A2F7DE74D}.Debug|Any CPU.Build.0 = Debug|Any CPU
		{7545124C-61AF-4B8E-A01A-8D3A2F7DE74D}.Release|Any CPU.ActiveCfg = Release|Any CPU
		{7545124C-61AF-4B8E-A01A-8D3A2F7DE74D}.Release|Any CPU.Build.0 = Release|Any CPU
		{47B7CE0A-859D-499C-8D7B-FA84121CCDE1}.Debug|Any CPU.ActiveCfg = Debug|Any CPU
		{47B7CE0A-859D-499C-8D7B-FA84121CCDE1}.Debug|Any CPU.Build.0 = Debug|Any CPU
		{47B7CE0A-859D-499C-8D7B-FA84121CCDE1}.Release|Any CPU.ActiveCfg = Release|Any CPU
		{47B7CE0A-859D-499C-8D7B-FA84121CCDE1}.Release|Any CPU.Build.0 = Release|Any CPU
		{EF628605-6AB7-4316-855A-ED2CA1B6BF26}.Debug|Any CPU.ActiveCfg = Debug|Any CPU
		{EF628605-6AB7-4316-855A-ED2CA1B6BF26}.Debug|Any CPU.Build.0 = Debug|Any CPU
		{EF628605-6AB7-4316-855A-ED2CA1B6BF26}.Release|Any CPU.ActiveCfg = Release|Any CPU
		{EF628605-6AB7-4316-855A-ED2CA1B6BF26}.Release|Any CPU.Build.0 = Release|Any CPU
		{630A5763-5654-4E33-B019-9E3F50B91677}.Debug|Any CPU.ActiveCfg = Debug|Any CPU
		{630A5763-5654-4E33-B019-9E3F50B91677}.Debug|Any CPU.Build.0 = Debug|Any CPU
		{630A5763-5654-4E33-B019-9E3F50B91677}.Release|Any CPU.ActiveCfg = Release|Any CPU
		{630A5763-5654-4E33-B019-9E3F50B91677}.Release|Any CPU.Build.0 = Release|Any CPU
		{3AC0BD52-BB0F-4C86-810D-D2A70842DB86}.Debug|Any CPU.ActiveCfg = Debug|Any CPU
		{3AC0BD52-BB0F-4C86-810D-D2A70842DB86}.Debug|Any CPU.Build.0 = Debug|Any CPU
		{3AC0BD52-BB0F-4C86-810D-D2A70842DB86}.Release|Any CPU.ActiveCfg = Release|Any CPU
		{3AC0BD52-BB0F-4C86-810D-D2A70842DB86}.Release|Any CPU.Build.0 = Release|Any CPU
		{7DD07B9D-C1D1-475C-A832-AA572B23E5E3}.Debug|Any CPU.ActiveCfg = Debug|Any CPU
		{7DD07B9D-C1D1-475C-A832-AA572B23E5E3}.Debug|Any CPU.Build.0 = Debug|Any CPU
		{7DD07B9D-C1D1-475C-A832-AA572B23E5E3}.Release|Any CPU.ActiveCfg = Release|Any CPU
		{7DD07B9D-C1D1-475C-A832-AA572B23E5E3}.Release|Any CPU.Build.0 = Release|Any CPU
		{74B428B3-D116-4496-8FDB-0E608EE6AF00}.Debug|Any CPU.ActiveCfg = Debug|Any CPU
		{74B428B3-D116-4496-8FDB-0E608EE6AF00}.Debug|Any CPU.Build.0 = Debug|Any CPU
		{74B428B3-D116-4496-8FDB-0E608EE6AF00}.Release|Any CPU.ActiveCfg = Release|Any CPU
		{74B428B3-D116-4496-8FDB-0E608EE6AF00}.Release|Any CPU.Build.0 = Release|Any CPU
		{77CD3E62-7D78-4567-A7D4-FDB88C0E015C}.Debug|Any CPU.ActiveCfg = Debug|Any CPU
		{77CD3E62-7D78-4567-A7D4-FDB88C0E015C}.Debug|Any CPU.Build.0 = Debug|Any CPU
		{77CD3E62-7D78-4567-A7D4-FDB88C0E015C}.Release|Any CPU.ActiveCfg = Release|Any CPU
		{77CD3E62-7D78-4567-A7D4-FDB88C0E015C}.Release|Any CPU.Build.0 = Release|Any CPU
		{D7FDE3BC-D008-4615-B64D-198C75DAFFFD}.Debug|Any CPU.ActiveCfg = Debug|Any CPU
		{D7FDE3BC-D008-4615-B64D-198C75DAFFFD}.Debug|Any CPU.Build.0 = Debug|Any CPU
		{D7FDE3BC-D008-4615-B64D-198C75DAFFFD}.Release|Any CPU.ActiveCfg = Release|Any CPU
		{D7FDE3BC-D008-4615-B64D-198C75DAFFFD}.Release|Any CPU.Build.0 = Release|Any CPU
		{A931357D-8123-4804-9261-A170C23C83B4}.Debug|Any CPU.ActiveCfg = Debug|Any CPU
		{A931357D-8123-4804-9261-A170C23C83B4}.Debug|Any CPU.Build.0 = Debug|Any CPU
		{A931357D-8123-4804-9261-A170C23C83B4}.Release|Any CPU.ActiveCfg = Release|Any CPU
		{A931357D-8123-4804-9261-A170C23C83B4}.Release|Any CPU.Build.0 = Release|Any CPU
		{B251E10C-AC4A-4019-8AF8-227C95447DDF}.Debug|Any CPU.ActiveCfg = Debug|Any CPU
		{B251E10C-AC4A-4019-8AF8-227C95447DDF}.Debug|Any CPU.Build.0 = Debug|Any CPU
		{B251E10C-AC4A-4019-8AF8-227C95447DDF}.Release|Any CPU.ActiveCfg = Release|Any CPU
		{B251E10C-AC4A-4019-8AF8-227C95447DDF}.Release|Any CPU.Build.0 = Release|Any CPU
		{A65D15F4-D52A-4BD3-A87D-D77F444DE063}.Debug|Any CPU.ActiveCfg = Debug|Any CPU
		{A65D15F4-D52A-4BD3-A87D-D77F444DE063}.Debug|Any CPU.Build.0 = Debug|Any CPU
		{A65D15F4-D52A-4BD3-A87D-D77F444DE063}.Release|Any CPU.ActiveCfg = Release|Any CPU
		{A65D15F4-D52A-4BD3-A87D-D77F444DE063}.Release|Any CPU.Build.0 = Release|Any CPU
		{08BF2045-9FC9-480B-A69B-B3FAE597A1C0}.Debug|Any CPU.ActiveCfg = Debug|Any CPU
		{08BF2045-9FC9-480B-A69B-B3FAE597A1C0}.Debug|Any CPU.Build.0 = Debug|Any CPU
		{08BF2045-9FC9-480B-A69B-B3FAE597A1C0}.Release|Any CPU.ActiveCfg = Release|Any CPU
		{08BF2045-9FC9-480B-A69B-B3FAE597A1C0}.Release|Any CPU.Build.0 = Release|Any CPU
		{2A989FE2-212E-410B-A0DE-FF590665F5F3}.Debug|Any CPU.ActiveCfg = Debug|Any CPU
		{2A989FE2-212E-410B-A0DE-FF590665F5F3}.Debug|Any CPU.Build.0 = Debug|Any CPU
		{2A989FE2-212E-410B-A0DE-FF590665F5F3}.Release|Any CPU.ActiveCfg = Release|Any CPU
		{2A989FE2-212E-410B-A0DE-FF590665F5F3}.Release|Any CPU.Build.0 = Release|Any CPU
		{C3FEA006-29C4-40BA-B743-A2C9A2984F1E}.Debug|Any CPU.ActiveCfg = Debug|Any CPU
		{C3FEA006-29C4-40BA-B743-A2C9A2984F1E}.Debug|Any CPU.Build.0 = Debug|Any CPU
		{C3FEA006-29C4-40BA-B743-A2C9A2984F1E}.Release|Any CPU.ActiveCfg = Release|Any CPU
		{C3FEA006-29C4-40BA-B743-A2C9A2984F1E}.Release|Any CPU.Build.0 = Release|Any CPU
		{C2B4BEE2-B90A-4113-8CF5-BB7ED71512D2}.Debug|Any CPU.ActiveCfg = Debug|Any CPU
		{C2B4BEE2-B90A-4113-8CF5-BB7ED71512D2}.Debug|Any CPU.Build.0 = Debug|Any CPU
		{C2B4BEE2-B90A-4113-8CF5-BB7ED71512D2}.Release|Any CPU.ActiveCfg = Release|Any CPU
		{C2B4BEE2-B90A-4113-8CF5-BB7ED71512D2}.Release|Any CPU.Build.0 = Release|Any CPU
		{CCD734B3-0DB3-4F4E-B9D4-404FA98DED51}.Debug|Any CPU.ActiveCfg = Debug|Any CPU
		{CCD734B3-0DB3-4F4E-B9D4-404FA98DED51}.Debug|Any CPU.Build.0 = Debug|Any CPU
		{CCD734B3-0DB3-4F4E-B9D4-404FA98DED51}.Release|Any CPU.ActiveCfg = Release|Any CPU
		{CCD734B3-0DB3-4F4E-B9D4-404FA98DED51}.Release|Any CPU.Build.0 = Release|Any CPU
		{15C1C4C1-F187-4E7E-B443-2960C9AD0844}.Debug|Any CPU.ActiveCfg = Debug|Any CPU
		{15C1C4C1-F187-4E7E-B443-2960C9AD0844}.Debug|Any CPU.Build.0 = Debug|Any CPU
		{15C1C4C1-F187-4E7E-B443-2960C9AD0844}.Release|Any CPU.ActiveCfg = Release|Any CPU
		{15C1C4C1-F187-4E7E-B443-2960C9AD0844}.Release|Any CPU.Build.0 = Release|Any CPU
		{CF9D313F-D2C3-48F4-AE6F-9CD6A30B0C7B}.Debug|Any CPU.ActiveCfg = Debug|Any CPU
		{CF9D313F-D2C3-48F4-AE6F-9CD6A30B0C7B}.Debug|Any CPU.Build.0 = Debug|Any CPU
		{CF9D313F-D2C3-48F4-AE6F-9CD6A30B0C7B}.Release|Any CPU.ActiveCfg = Release|Any CPU
		{CF9D313F-D2C3-48F4-AE6F-9CD6A30B0C7B}.Release|Any CPU.Build.0 = Release|Any CPU
		{3AFEA0F1-2D07-443A-A64C-0D8545417F70}.Debug|Any CPU.ActiveCfg = Debug|Any CPU
		{3AFEA0F1-2D07-443A-A64C-0D8545417F70}.Debug|Any CPU.Build.0 = Debug|Any CPU
		{3AFEA0F1-2D07-443A-A64C-0D8545417F70}.Release|Any CPU.ActiveCfg = Release|Any CPU
		{3AFEA0F1-2D07-443A-A64C-0D8545417F70}.Release|Any CPU.Build.0 = Release|Any CPU
		{49EF0355-56AC-4BF4-87D1-E99E4C289461}.Debug|Any CPU.ActiveCfg = Debug|Any CPU
		{49EF0355-56AC-4BF4-87D1-E99E4C289461}.Debug|Any CPU.Build.0 = Debug|Any CPU
		{49EF0355-56AC-4BF4-87D1-E99E4C289461}.Release|Any CPU.ActiveCfg = Release|Any CPU
		{49EF0355-56AC-4BF4-87D1-E99E4C289461}.Release|Any CPU.Build.0 = Release|Any CPU
		{FA3E014E-3B6F-4EA3-B6D0-2D72B3E99C06}.Debug|Any CPU.ActiveCfg = Debug|Any CPU
		{FA3E014E-3B6F-4EA3-B6D0-2D72B3E99C06}.Debug|Any CPU.Build.0 = Debug|Any CPU
		{FA3E014E-3B6F-4EA3-B6D0-2D72B3E99C06}.Release|Any CPU.ActiveCfg = Release|Any CPU
		{FA3E014E-3B6F-4EA3-B6D0-2D72B3E99C06}.Release|Any CPU.Build.0 = Release|Any CPU
		{D9F3381C-EA98-4C7E-BD83-F0BDEEE1CE2A}.Debug|Any CPU.ActiveCfg = Debug|Any CPU
		{D9F3381C-EA98-4C7E-BD83-F0BDEEE1CE2A}.Debug|Any CPU.Build.0 = Debug|Any CPU
		{D9F3381C-EA98-4C7E-BD83-F0BDEEE1CE2A}.Release|Any CPU.ActiveCfg = Release|Any CPU
		{D9F3381C-EA98-4C7E-BD83-F0BDEEE1CE2A}.Release|Any CPU.Build.0 = Release|Any CPU
	EndGlobalSection
	GlobalSection(SolutionProperties) = preSolution
		HideSolutionNode = FALSE
	EndGlobalSection
	GlobalSection(NestedProjects) = preSolution
		{90941193-614F-4FF6-8F27-6B43C6F33BD5} = {CB9D421C-C22A-4CDF-B29F-28F96747634F}
		{2AF8D6B6-6A80-4A3C-8418-C921D6FF4BAF} = {CB9D421C-C22A-4CDF-B29F-28F96747634F}
		{0F650346-EFA1-4445-AF63-F371F8DCF7A2} = {CB9D421C-C22A-4CDF-B29F-28F96747634F}
		{5A06334D-C7D1-4EC8-9B3F-E9179E706376} = {CB9D421C-C22A-4CDF-B29F-28F96747634F}
		{27B59645-B345-4E40-A1C4-D5D12DDF3D1A} = {23059321-FCC7-4F89-A4EA-5BC3E02A0C39}
		{02D6E623-D0A7-4C28-AB47-B01E2FEA9992} = {0B620AF0-8576-45F7-8280-3940B72272F0}
		{7545124C-61AF-4B8E-A01A-8D3A2F7DE74D} = {CFAFFFE8-8D32-4E35-81BB-498C5B9C6251}
		{47B7CE0A-859D-499C-8D7B-FA84121CCDE1} = {DE89A9EE-FA13-41E1-9EDA-6DA2FAB5A235}
		{EF628605-6AB7-4316-855A-ED2CA1B6BF26} = {A126B8B6-72F8-4044-83A0-3BEA413A76D2}
		{630A5763-5654-4E33-B019-9E3F50B91677} = {A126B8B6-72F8-4044-83A0-3BEA413A76D2}
		{3AC0BD52-BB0F-4C86-810D-D2A70842DB86} = {B7D66382-8777-41EC-8195-6104527C2CF5}
		{7DD07B9D-C1D1-475C-A832-AA572B23E5E3} = {EF5FB8E2-6024-4F5C-9499-A64E95DAA2F9}
		{74B428B3-D116-4496-8FDB-0E608EE6AF00} = {AD7DB8CD-55E7-4836-B3BE-857F7D29CCE7}
		{77CD3E62-7D78-4567-A7D4-FDB88C0E015C} = {AD7DB8CD-55E7-4836-B3BE-857F7D29CCE7}
		{D7FDE3BC-D008-4615-B64D-198C75DAFFFD} = {A187E3FC-B975-4AA1-8A35-65FF0220617C}
		{A931357D-8123-4804-9261-A170C23C83B4} = {8A8E67F0-A242-466C-A27F-1E2F376AD2F9}
		{B251E10C-AC4A-4019-8AF8-227C95447DDF} = {8A8E67F0-A242-466C-A27F-1E2F376AD2F9}
		{A65D15F4-D52A-4BD3-A87D-D77F444DE063} = {9EDD28B0-DCDD-4B50-BA28-BD61409CFA82}
		{08BF2045-9FC9-480B-A69B-B3FAE597A1C0} = {9EDD28B0-DCDD-4B50-BA28-BD61409CFA82}
		{2A989FE2-212E-410B-A0DE-FF590665F5F3} = {9EDD28B0-DCDD-4B50-BA28-BD61409CFA82}
		{C3FEA006-29C4-40BA-B743-A2C9A2984F1E} = {AD7DB8CD-55E7-4836-B3BE-857F7D29CCE7}
		{C2B4BEE2-B90A-4113-8CF5-BB7ED71512D2} = {AD7DB8CD-55E7-4836-B3BE-857F7D29CCE7}
		{CCD734B3-0DB3-4F4E-B9D4-404FA98DED51} = {AD7DB8CD-55E7-4836-B3BE-857F7D29CCE7}
		{15C1C4C1-F187-4E7E-B443-2960C9AD0844} = {C35F8F5E-EEFC-48DE-971E-79A9FAA681AF}
		{CF9D313F-D2C3-48F4-AE6F-9CD6A30B0C7B} = {C35F8F5E-EEFC-48DE-971E-79A9FAA681AF}
		{3AFEA0F1-2D07-443A-A64C-0D8545417F70} = {448362E0-B651-4CDE-B012-2ADB1EB29C82}
		{49EF0355-56AC-4BF4-87D1-E99E4C289461} = {8E4B4601-E207-4798-ADC5-0173FA345E87}
		{FA3E014E-3B6F-4EA3-B6D0-2D72B3E99C06} = {8E4B4601-E207-4798-ADC5-0173FA345E87}
		{D9F3381C-EA98-4C7E-BD83-F0BDEEE1CE2A} = {8E4B4601-E207-4798-ADC5-0173FA345E87}
	EndGlobalSection
	GlobalSection(ExtensibilityGlobals) = postSolution
		SolutionGuid = {82E796FC-AA12-472F-8538-EBA2CAFDD1F8}
	EndGlobalSection
EndGlobal
